# This file is automatically @generated by Cargo.
# It is not intended for manual editing.
version = 4

[[package]]
name = "tiqian"
version = "0.1.0"
dependencies = [
 "unicode-general-category",
]

[[package]]
name = "unicode-general-category"
version = "1.1.0"
source = "registry+https://github.com/rust-lang/crates.io-index"
checksum = "0b993bddc193ae5bd0d623b49ec06ac3e9312875fdae725a975c51db1cc1677f"
